
Microsoft Visual Studio Solution File, Format Version 11.00
# Visual Studio 2010
Project("{8BC9CEB8-8B4A-11D0-8D11-00A0C91BC942}") = "main", "main.vcxproj", "{6AB31D62-AFEB-4624-BC81-7D7C53E1185F}"
EndProject
Global
	GlobalSection(SolutionConfigurationPlatforms) = preSolution
		Debug|Win32 = Debug|Win32
		Release|Win32 = Release|Win32
	EndGlobalSection
	GlobalSection(ProjectConfigurationPlatforms) = postSolution
		{6AB31D62-AFEB-4624-BC81-7D7C53E1185F}.Debug|Win32.ActiveCfg = Debug|Win32
		{6AB31D62-AFEB-4624-BC81-7D7C53E1185F}.Debug|Win32.Build.0 = Debug|Win32
		{6AB31D62-AFEB-4624-BC81-7D7C53E1185F}.Release|Win32.ActiveCfg = Release|Win32
		{6AB31D62-AFEB-4624-BC81-7D7C53E1185F}.Release|Win32.Build.0 = Release|Win32
	EndGlobalSection
	GlobalSection(SolutionProperties) = preSolution
		HideSolutionNode = FALSE
	EndGlobalSection
EndGlobal
